{
  "name": "tokenizer",
  "version": "1.0.2",
  "lockfileVersion": 1,
  "requires": true,
  "dependencies": {
    "esprima": {
      "version": "4.0.1",
      "resolved": "https://registry.npm.taobao.org/esprima/download/esprima-4.0.1.tgz",
      "integrity": "sha1-E7BM2z5sXRnfkatph6hpVhmwqnE="
    },
    "jsx-tokenizer": {
      "version": "1.0.2",
      "resolved": "https://registry.npmjs.org/jsx-tokenizer/-/jsx-tokenizer-1.0.2.tgz",
      "integrity": "sha512-FIEqr1yQyMKQ/fUh8tP2wEgSyK80RO29wPrOgM0uxezHezemnHlgeJwP0k0re3x7qrk9FEs3bIKAFWJbrYa9CA==",
      "requires": {
        "esprima": "^4.0.1"
      }
    }
  }
}
